{
  "name": "emoji-extractor",
  "version": "1.0.0",
  "lockfileVersion": 1,
  "requires": true,
  "dependencies": {
    "axios": {
      "version": "0.18.0",
      "resolved": "http://npm-adm.dedale.tf1.fr/axios/-/axios-0.18.0.tgz",
      "integrity": "sha1-MtU+SFHv3AoRmTts0AB4nXDAUQI=",
      "requires": {
        "follow-redirects": "^1.3.0",
        "is-buffer": "^1.1.5"
      }
    },
    "debug": {
      "version": "3.1.0",
      "resolved": "http://npm-adm.dedale.tf1.fr/debug/-/debug-3.1.0.tgz",
      "integrity": "sha512-OX8XqP7/1a9cqkxYw2yXss15f26NKWBpDXQd0/uK/KPqdQhxbPa994hnzjcE2VqQpDslf55723cKPUOGSmMY3g==",
      "requires": {
        "ms": "2.0.0"
      }
    },
    "emoji-mart": {
      "version": "2.8.1",
      "resolved": "http://npm-adm.dedale.tf1.fr/emoji-mart/-/emoji-mart-2.8.1.tgz",
      "integrity": "sha512-9ScBU9ObG4qVQOMvQWQwUkYVNK/eOu/TRk8o+LABtnL2BE/o9CU4OvtjcoBPNiC/7QtRhW9vOwmvUx/OjT+mwA=="
    },
    "follow-redirects": {
      "version": "1.5.5",
      "resolved": "http://npm-adm.dedale.tf1.fr/follow-redirects/-/follow-redirects-1.5.5.tgz",
      "integrity": "sha512-GHjtHDlY/ehslqv0Gr5N0PUJppgg/q0rOBvX0na1s7y1A3LWxPqCYU76s3Z1bM4+UZB4QF0usaXLT5wFpof5PA==",
      "requires": {
        "debug": "^3.1.0"
      }
    },
    "is-buffer": {
      "version": "1.1.6",
      "resolved": "http://npm-adm.dedale.tf1.fr/is-buffer/-/is-buffer-1.1.6.tgz",
      "integrity": "sha512-NcdALwpXkTm5Zvvbk7owOUSvVvBKDgKP5/ewfXEznmQFfs4ZRmanOeKBTjRVjka3QFoN6XJ+9F3USqfHqTaU5w=="
    },
    "ms": {
      "version": "2.0.0",
      "resolved": "http://npm-adm.dedale.tf1.fr/ms/-/ms-2.0.0.tgz",
      "integrity": "sha1-VgiurfwAvmwpAd9fmGF4jeDVl8g="
    }
  }
}
